
Microsoft Visual Studio Solution File, Format Version 12.00
# Visual Studio Version 17
VisualStudioVersion = 17.3.32929.385
MinimumVisualStudioVersion = 10.0.40219.1
Project("{8BC9CEB8-8B4A-11D0-8D11-00A0C91BC942}") = "Shut_Down_User_Apps", "Shut_Down_User_Apps.vcxproj", "{203FE26C-9600-4764-9A15-BAACC2E7B5C8}"
EndProject
Global
	GlobalSection(SolutionConfigurationPlatforms) = preSolution
		Debug|x64 = Debug|x64
		Debug|x86 = Debug|x86
		Release|x64 = Release|x64
		Release|x86 = Release|x86
	EndGlobalSection
	GlobalSection(ProjectConfigurationPlatforms) = postSolution
		{203FE26C-9600-4764-9A15-BAACC2E7B5C8}.Debug|x64.ActiveCfg = Debug|x64
		{203FE26C-9600-4764-9A15-BAACC2E7B5C8}.Debug|x64.Build.0 = Debug|x64
		{203FE26C-9600-4764-9A15-BAACC2E7B5C8}.Debug|x86.ActiveCfg = Debug|Win32
		{203FE26C-9600-4764-9A15-BAACC2E7B5C8}.Debug|x86.Build.0 = Debug|Win32
		{203FE26C-9600-4764-9A15-BAACC2E7B5C8}.Release|x64.ActiveCfg = Release|x64
		{203FE26C-9600-4764-9A15-BAACC2E7B5C8}.Release|x64.Build.0 = Release|x64
		{203FE26C-9600-4764-9A15-BAACC2E7B5C8}.Release|x86.ActiveCfg = Release|Win32
		{203FE26C-9600-4764-9A15-BAACC2E7B5C8}.Release|x86.Build.0 = Release|Win32
	EndGlobalSection
	GlobalSection(SolutionProperties) = preSolution
		HideSolutionNode = FALSE
	EndGlobalSection
	GlobalSection(ExtensibilityGlobals) = postSolution
		SolutionGuid = {79D3A7C3-412E-4016-A51E-A94FFC415D5D}
	EndGlobalSection
EndGlobal
